# This file is generated by running "yarn install" inside your project.
# Manual changes might be lost - proceed with caution!

__metadata:
  version: 4
  cacheKey: 7

"@actions/core@npm:^1.5.0":
  version: 1.5.0
  resolution: "@actions/core@npm:1.5.0"
  checksum: e53f68721d09eec4b8b6f6e9d0399f7d296374ee284670641bb464f36e7ad87bca162848ed4ff38094105465cea7cdd48bb68f4942298aae2fd3fb7bf0fdf713
  languageName: node
  linkType: hard

"@actions/github@npm:^5.0.0":
  version: 5.0.0
  resolution: "@actions/github@npm:5.0.0"
  dependencies:
    "@actions/http-client": ^1.0.11
    "@octokit/core": ^3.4.0
    "@octokit/plugin-paginate-rest": ^2.13.3
    "@octokit/plugin-rest-endpoint-methods": ^5.1.1
  checksum: 29e7de0435fcca8647cfb3e0b962e4d275357b2bc0a36a517c713682870428f6e676a2c68b07806be1ef692ef6f32413e66b9e943a1d0caa8dd152ad44791dd8
  languageName: node
  linkType: hard

"@actions/http-client@npm:^1.0.11":
  version: 1.0.11
  resolution: "@actions/http-client@npm:1.0.11"
  dependencies:
    tunnel: 0.0.6
  checksum: ccd0ae6ce99662e31daf1f5cb6b5130cc10ac9a3d4f2de74c54031cf13cd191dbbf0719e60e74f724f073f27af4cb9f393218d92f7f70c0b6e23bb1962c386e3
  languageName: node
  linkType: hard

"@octokit/auth-token@npm:^2.4.4":
  version: 2.5.0
  resolution: "@octokit/auth-token@npm:2.5.0"
  dependencies:
    "@octokit/types": ^6.0.3
  checksum: d971ca2b80733f3a11964404cbe298b1859a90e89a1697f6ede2424072e93866ab06d5734b77e60b371b211c94a6586944108b6c74cebd3d569a2e4740091455
  languageName: node
  linkType: hard

"@octokit/core@npm:^3.4.0":
  version: 3.5.1
  resolution: "@octokit/core@npm:3.5.1"
  dependencies:
    "@octokit/auth-token": ^2.4.4
    "@octokit/graphql": ^4.5.8
    "@octokit/request": ^5.6.0
    "@octokit/request-error": ^2.0.5
    "@octokit/types": ^6.0.3
    before-after-hook: ^2.2.0
    universal-user-agent: ^6.0.0
  checksum: 2967d97b43ee152068980f22258c8f32cc4f9f62cf627eb3640724fa0a8465421edb274fc9d1b2aa804081f3a3e902d36d0dc88cfce3115989ffb39d1a8ae4cd
  languageName: node
  linkType: hard

"@octokit/endpoint@npm:^6.0.1":
  version: 6.0.12
  resolution: "@octokit/endpoint@npm:6.0.12"
  dependencies:
    "@octokit/types": ^6.0.3
    is-plain-object: ^5.0.0
    universal-user-agent: ^6.0.0
  checksum: ff92bc2608a87b04f2d004acefa742dc2f1d471c166238cd675964a1f15d7e82053b0955d2b765f29e14918ce1019cb2e8f6b0fea3f010ba6eb004a352a06b50
  languageName: node
  linkType: hard

"@octokit/graphql@npm:^4.5.8":
  version: 4.8.0
  resolution: "@octokit/graphql@npm:4.8.0"
  dependencies:
    "@octokit/request": ^5.6.0
    "@octokit/types": ^6.0.3
    universal-user-agent: ^6.0.0
  checksum: 8ff5cba1b6a2e41b6a1472ad6881a6fae96fa811cd2b0c15f9c98ae8dad5a2423e8a13adcda87cc2c0d8e514fae61134a7d40cf7ad8b91cf4ceea3260a340a8e
  languageName: node
  linkType: hard

"@octokit/openapi-types@npm:^10.5.0":
  version: 10.6.0
  resolution: "@octokit/openapi-types@npm:10.6.0"
  checksum: dc5c4169378ebc00fd580b89309c0f894d9f1b65e19a658b0cf5590fa31e235011979021983e5bc9c41729100fa8695d4728dc00d4cf55ba14b16d5fdf6308c5
  languageName: node
  linkType: hard

"@octokit/plugin-paginate-rest@npm:^2.13.3":
  version: 2.16.5
  resolution: "@octokit/plugin-paginate-rest@npm:2.16.5"
  dependencies:
    "@octokit/types": ^6.31.0
  peerDependencies:
    "@octokit/core": ">=2"
  checksum: cf4b9368750d896c19730540c23f90f1761a6f02dccf426bfa775b54f40f57dec38b8332f58197885c47d713237e3f039c331e34c5814f96c2e96d3af63fe015
  languageName: node
  linkType: hard

"@octokit/plugin-rest-endpoint-methods@npm:^5.1.1":
  version: 5.11.2
  resolution: "@octokit/plugin-rest-endpoint-methods@npm:5.11.2"
  dependencies:
    "@octokit/types": ^6.31.0
    deprecation: ^2.3.1
  peerDependencies:
    "@octokit/core": ">=3"
  checksum: 7380f3583b750a676d7b92cbff9e62cad221f2164b400fc271ffe76f75679982702e748e28d6af659dcf44db04604f1e708291218753bcd87fbb69b66367f47f
  languageName: node
  linkType: hard

"@octokit/request-error@npm:^2.0.5, @octokit/request-error@npm:^2.1.0":
  version: 2.1.0
  resolution: "@octokit/request-error@npm:2.1.0"
  dependencies:
    "@octokit/types": ^6.0.3
    deprecation: ^2.0.0
    once: ^1.4.0
  checksum: 0fdf0075bce449f07a376eae9e623f10859943ffcb8db4a97e5052ea09a16a9fc5c009153f750efc6ba3b0ca5f068b975b0d9eca180405533a6af78d318001fd
  languageName: node
  linkType: hard

"@octokit/request@npm:^5.6.0":
  version: 5.6.1
  resolution: "@octokit/request@npm:5.6.1"
  dependencies:
    "@octokit/endpoint": ^6.0.1
    "@octokit/request-error": ^2.1.0
    "@octokit/types": ^6.16.1
    is-plain-object: ^5.0.0
    node-fetch: ^2.6.1
    universal-user-agent: ^6.0.0
  checksum: c4a7fabecdb8d40591a42d732f286165c0aad4f96d86746abdca624fcd55aad0a5ae3e4e9eb821995db98d6c46d76ffc3be6a29efa75e479f8110dd06c94d675
  languageName: node
  linkType: hard

"@octokit/types@npm:^6.0.3, @octokit/types@npm:^6.16.1, @octokit/types@npm:^6.31.0":
  version: 6.31.0
  resolution: "@octokit/types@npm:6.31.0"
  dependencies:
    "@octokit/openapi-types": ^10.5.0
  checksum: e4374071b9703d75969536f06c5a9896d6a867fa7051a86034dfa164eaeaae5e3fceccf7d30580f9ee1c11858b0a2646a4db1e41611969fe8d2b039a5db52795
  languageName: node
  linkType: hard

"@types/node@npm:^16.9.1":
  version: 16.10.1
  resolution: "@types/node@npm:16.10.1"
  checksum: 149530a488aac0d9902353307da9cb4e7f2f4174655f7b3a6c5f9dc977956ec411c371ba2aa351e44afb1b44208e9e99895c0664c96a114c624df39465bc0f24
  languageName: node
  linkType: hard

"@typesafejs/action@typesafejs/sdk.git#workspace=@typesafejs/action&head=main":
  version: 0.2.4
  resolution: "@typesafejs/action@https://github.com/typesafejs/sdk.git#workspace=%40typesafejs%2Faction&commit=63f133e67957c3280f6749ed322c5e1702ec75ae"
  dependencies:
    "@actions/core": ^1.5.0
    "@actions/github": ^5.0.0
    "@types/node": ^16.9.1
    "@typesafejs/shared": ^0.2.3
    typescript: ^4.4.3
  checksum: 0a0a28eca9c0b562772b627088e18f80f4060068e55e52af500203f17f196f769043c6bf8061f183509ae954237d74cc5c38e72a96b7258d80261ddaf364c3a4
  languageName: node
  linkType: hard

"@typesafejs/action@workspace:.":
  version: 0.0.0-use.local
  resolution: "@typesafejs/action@workspace:."
  dependencies:
    "@typesafejs/action": "typesafejs/sdk.git#workspace=@typesafejs/action&head=main"
  languageName: unknown
  linkType: soft

"@typesafejs/shared@npm:^0.2.3":
  version: 0.2.3
  resolution: "@typesafejs/shared@npm:0.2.3"
  dependencies:
    "@types/node": ^16.9.1
    typescript: ^4.4.3
  checksum: 4ff6a50a29c0e3ab187750c8a7816702316cf1aa688a1881651a4f1ea2f38970047e59cfdee2a8846546d7ac98758b572787558aa3168aa7fb79fb06f91177ea
  languageName: node
  linkType: hard

"before-after-hook@npm:^2.2.0":
  version: 2.2.2
  resolution: "before-after-hook@npm:2.2.2"
  checksum: 06dd8fc2a1c5c4a16f21d725a7b7d05814d94c4a0a003abe923bb509b3863638efc8ab89515192046dc8d29bbc5dbd3f75fe47a2d3bffbffae427fc976c142bb
  languageName: node
  linkType: hard

"deprecation@npm:^2.0.0, deprecation@npm:^2.3.1":
  version: 2.3.1
  resolution: "deprecation@npm:2.3.1"
  checksum: 59343a0b927c5b6f67abb899fda68bf42b132c05ef1a985952c1e220c41fe5035b2d54a28c7c2a8b5239075d1dc25c83340242ada75f1c06c1bb047176f05f9b
  languageName: node
  linkType: hard

"is-plain-object@npm:^5.0.0":
  version: 5.0.0
  resolution: "is-plain-object@npm:5.0.0"
  checksum: 92bd87f095036fb6ef21fcba4e66734bba1457fc4abece5873bd1fba130c44fa8a4df64a2ef7841da638680af18e1ad2e5fac1095bed3578d0da0afc1f04bcf3
  languageName: node
  linkType: hard

"node-fetch@npm:^2.6.1":
  version: 2.6.5
  resolution: "node-fetch@npm:2.6.5"
  dependencies:
    whatwg-url: ^5.0.0
  checksum: bc4b2859d9cf2bb57011a0dc416fd9a648d1e0d119bcd4d8f8cae604dd5d0727951dca944212ce3f51de46ff906003fef42baeb3bbf53caef7fc8e40b31ac22d
  languageName: node
  linkType: hard

"once@npm:^1.4.0":
  version: 1.4.0
  resolution: "once@npm:1.4.0"
  dependencies:
    wrappy: 1
  checksum: 57afc246536cf6494437f982b26475f22bee860f8b77ce8eb1543f42a8bffe04b2c66ddfea9a16cb25ccb80943f8ee4fc639367ef97b7a6a4f2672eb573963f5
  languageName: node
  linkType: hard

"tr46@npm:~0.0.3":
  version: 0.0.3
  resolution: "tr46@npm:0.0.3"
  checksum: 37bdfff7c5b5f8feeb0d06d3fda1d8474d8b08a9f0bf453fd339eb0dc13939ed5a2b24d29d9a308674d6a7267a3a4f3a95e91538b87d0e76c14d83c33899a29f
  languageName: node
  linkType: hard

"tunnel@npm:0.0.6":
  version: 0.0.6
  resolution: "tunnel@npm:0.0.6"
  checksum: 78fbb1a55a44fc8de6a497923bf7bf6e7b14b396e0ddaf11fe624ab7f646a0d2ada03f6dcb4a80940faed9649e30d229114f218e8906badd12ded2323a6f666b
  languageName: node
  linkType: hard

typescript@^4.4.3:
  version: 4.4.3
  resolution: "typescript@npm:4.4.3"
  bin:
    tsc: bin/tsc
    tsserver: bin/tsserver
  checksum: 0da3a2a96506240557512ee49ff37a882c49c8c803444b90b98984e50d5d2e526885d57cd0f75225525413630b0e070e0e9ab4538485852fa1c158a6e7925cbb
  languageName: node
  linkType: hard

"typescript@patch:typescript@^4.4.3#builtin<compat/typescript>":
  version: 4.4.3
  resolution: "typescript@patch:typescript@npm%3A4.4.3#builtin<compat/typescript>::version=4.4.3&hash=8133ad"
  bin:
    tsc: bin/tsc
    tsserver: bin/tsserver
  checksum: d328b850f6e56d424dfda4b2bf2950fcc2f8bb21446f0eb9fe2d4b7a4f9b678a4f17204a31f6ad2dfb2419a69e508683d938491cecc2650aedde9423e5489825
  languageName: node
  linkType: hard

"universal-user-agent@npm:^6.0.0":
  version: 6.0.0
  resolution: "universal-user-agent@npm:6.0.0"
  checksum: 725797ab636f1786a824f805eca2b227019ae8e82fdbe03e3e26a7f2917669bfcf7ef723c7d4b2c60a5e1603108d32bec3987b4f52821360523cb609fb7ae782
  languageName: node
  linkType: hard

"webidl-conversions@npm:^3.0.0":
  version: 3.0.1
  resolution: "webidl-conversions@npm:3.0.1"
  checksum: 25ef547ff199f5a942f367f86c92b79bad77c27ad9baa51ed994de4ee91834d6246a120e24c4d6f2c6aba6b940238a5f6a0ed5f5ab0f24f6a863a2be75dd7644
  languageName: node
  linkType: hard

"whatwg-url@npm:^5.0.0":
  version: 5.0.0
  resolution: "whatwg-url@npm:5.0.0"
  dependencies:
    tr46: ~0.0.3
    webidl-conversions: ^3.0.0
  checksum: 55eca009f57013000f73721611e14cf7215bf2f19e9950b06f3214cfbd29f06eeea759748fa09016a05dca72a2213e49333ef4cbc911ba236a427a0b0060f415
  languageName: node
  linkType: hard

"wrappy@npm:1":
  version: 1.0.2
  resolution: "wrappy@npm:1.0.2"
  checksum: 519fcda0fcdf0c16327be2de9d98646742307bc830277e8868529fcf7566f2b330a6453c233e0cdcb767d5838dd61a90984a02ecc983bcddebea5ad0833bbf98
  languageName: node
  linkType: hard
